// !$*UTF8*$!
{
	archiveVersion = 1;
	classes = {
	};
	objectVersion = 56;
	objects = {

/* Begin PBXBuildFile section */
		F57049672C6DCE1F0069B1AC /* DailySalesChartView.swift in Sources */ = {isa = PBXBuildFile; fileRef = F57049662C6DCE1F0069B1AC /* DailySalesChartView.swift */; };
		F57049692C6DCE2D0069B1AC /* WeeklySalesChartView.swift in Sources */ = {isa = PBXBuildFile; fileRef = F57049682C6DCE2D0069B1AC /* WeeklySalesChartView.swift */; };
		F570496B2C6DCE3B0069B1AC /* MonthlySalesChartView.swift in Sources */ = {isa = PBXBuildFile; fileRef = F570496A2C6DCE3B0069B1AC /* MonthlySalesChartView.swift */; };
		F570496D2C6DE0FA0069B1AC /* SimpleBookSalesView.swift in Sources */ = {isa = PBXBuildFile; fileRef = F570496C2C6DE0FA0069B1AC /* SimpleBookSalesView.swift */; };
		F570496F2C6E006D0069B1AC /* DetailBookSalesView.swift in Sources */ = {isa = PBXBuildFile; fileRef = F570496E2C6E006D0069B1AC /* DetailBookSalesView.swift */; };
		F5D92CB72C64F3F1001F8315 /* ChartsProApp.swift in Sources */ = {isa = PBXBuildFile; fileRef = F5D92CB62C64F3F1001F8315 /* ChartsProApp.swift */; };
		F5D92CB92C64F3F1001F8315 /* StaticChartView.swift in Sources */ = {isa = PBXBuildFile; fileRef = F5D92CB82C64F3F1001F8315 /* StaticChartView.swift */; };
		F5D92CBB2C64F3F3001F8315 /* Assets.xcassets in Resources */ = {isa = PBXBuildFile; fileRef = F5D92CBA2C64F3F3001F8315 /* Assets.xcassets */; };
		F5D92CBE2C64F3F3001F8315 /* Preview Assets.xcassets in Resources */ = {isa = PBXBuildFile; fileRef = F5D92CBD2C64F3F3001F8315 /* Preview Assets.xcassets */; };
		F5ECABAC2C65CDCE009BAD9D /* DynamicChartView.swift in Sources */ = {isa = PBXBuildFile; fileRef = F5ECABAB2C65CDCE009BAD9D /* DynamicChartView.swift */; };
		F5ECABAE2C65E18C009BAD9D /* PetData.swift in Sources */ = {isa = PBXBuildFile; fileRef = F5ECABAD2C65E18C009BAD9D /* PetData.swift */; };
		F5ECABB02C65E258009BAD9D /* ContentView.swift in Sources */ = {isa = PBXBuildFile; fileRef = F5ECABAF2C65E258009BAD9D /* ContentView.swift */; };
		F5ECABB22C65E6D9009BAD9D /* PetStatisticsView.swift in Sources */ = {isa = PBXBuildFile; fileRef = F5ECABB12C65E6D9009BAD9D /* PetStatisticsView.swift */; };
		F5ECABB52C6700E3009BAD9D /* PointChartExampleView.swift in Sources */ = {isa = PBXBuildFile; fileRef = F5ECABB42C6700E3009BAD9D /* PointChartExampleView.swift */; };
		F5ECABB72C670145009BAD9D /* BarChartExampleView.swift in Sources */ = {isa = PBXBuildFile; fileRef = F5ECABB62C670145009BAD9D /* BarChartExampleView.swift */; };
		F5ECABB92C67017F009BAD9D /* LineChartExampleView.swift in Sources */ = {isa = PBXBuildFile; fileRef = F5ECABB82C67017F009BAD9D /* LineChartExampleView.swift */; };
		F5ECABBB2C675B1E009BAD9D /* RectangularChartExample.swift in Sources */ = {isa = PBXBuildFile; fileRef = F5ECABBA2C675B1E009BAD9D /* RectangularChartExample.swift */; };
		F5ECABBD2C676E2A009BAD9D /* PieChartExampleView.swift in Sources */ = {isa = PBXBuildFile; fileRef = F5ECABBC2C676E2A009BAD9D /* PieChartExampleView.swift */; };
		F5ECABC22C694FA2009BAD9D /* BookCategory.swift in Sources */ = {isa = PBXBuildFile; fileRef = F5ECABC12C694FA2009BAD9D /* BookCategory.swift */; };
		F5ECABC42C695439009BAD9D /* Author.swift in Sources */ = {isa = PBXBuildFile; fileRef = F5ECABC32C695439009BAD9D /* Author.swift */; };
		F5ECABC62C6955BB009BAD9D /* Book.swift in Sources */ = {isa = PBXBuildFile; fileRef = F5ECABC52C6955BB009BAD9D /* Book.swift */; };
		F5ECABC82C6957EA009BAD9D /* Sale.swift in Sources */ = {isa = PBXBuildFile; fileRef = F5ECABC72C6957EA009BAD9D /* Sale.swift */; };
		F5ECABCA2C69C664009BAD9D /* Expense.swift in Sources */ = {isa = PBXBuildFile; fileRef = F5ECABC92C69C664009BAD9D /* Expense.swift */; };
		F5ECABCD2C6C2E69009BAD9D /* SalesViewModel.swift in Sources */ = {isa = PBXBuildFile; fileRef = F5ECABCC2C6C2E69009BAD9D /* SalesViewModel.swift */; };
/* End PBXBuildFile section */

/* Begin PBXFileReference section */
		F57049662C6DCE1F0069B1AC /* DailySalesChartView.swift */ = {isa = PBXFileReference; lastKnownFileType = sourcecode.swift; path = DailySalesChartView.swift; sourceTree = "<group>"; };
		F57049682C6DCE2D0069B1AC /* WeeklySalesChartView.swift */ = {isa = PBXFileReference; lastKnownFileType = sourcecode.swift; path = WeeklySalesChartView.swift; sourceTree = "<group>"; };
		F570496A2C6DCE3B0069B1AC /* MonthlySalesChartView.swift */ = {isa = PBXFileReference; lastKnownFileType = sourcecode.swift; path = MonthlySalesChartView.swift; sourceTree = "<group>"; };
		F570496C2C6DE0FA0069B1AC /* SimpleBookSalesView.swift */ = {isa = PBXFileReference; lastKnownFileType = sourcecode.swift; path = SimpleBookSalesView.swift; sourceTree = "<group>"; };
		F570496E2C6E006D0069B1AC /* DetailBookSalesView.swift */ = {isa = PBXFileReference; lastKnownFileType = sourcecode.swift; path = DetailBookSalesView.swift; sourceTree = "<group>"; };
		F5D92CB32C64F3F1001F8315 /* ChartsPro.app */ = {isa = PBXFileReference; explicitFileType = wrapper.application; includeInIndex = 0; path = ChartsPro.app; sourceTree = BUILT_PRODUCTS_DIR; };
		F5D92CB62C64F3F1001F8315 /* ChartsProApp.swift */ = {isa = PBXFileReference; lastKnownFileType = sourcecode.swift; path = ChartsProApp.swift; sourceTree = "<group>"; };
		F5D92CB82C64F3F1001F8315 /* StaticChartView.swift */ = {isa = PBXFileReference; lastKnownFileType = sourcecode.swift; path = StaticChartView.swift; sourceTree = "<group>"; };
		F5D92CBA2C64F3F3001F8315 /* Assets.xcassets */ = {isa = PBXFileReference; lastKnownFileType = folder.assetcatalog; path = Assets.xcassets; sourceTree = "<group>"; };
		F5D92CBD2C64F3F3001F8315 /* Preview Assets.xcassets */ = {isa = PBXFileReference; lastKnownFileType = folder.assetcatalog; path = "Preview Assets.xcassets"; sourceTree = "<group>"; };
		F5ECABAB2C65CDCE009BAD9D /* DynamicChartView.swift */ = {isa = PBXFileReference; lastKnownFileType = sourcecode.swift; path = DynamicChartView.swift; sourceTree = "<group>"; };
		F5ECABAD2C65E18C009BAD9D /* PetData.swift */ = {isa = PBXFileReference; lastKnownFileType = sourcecode.swift; path = PetData.swift; sourceTree = "<group>"; };
		F5ECABAF2C65E258009BAD9D /* ContentView.swift */ = {isa = PBXFileReference; lastKnownFileType = sourcecode.swift; path = ContentView.swift; sourceTree = "<group>"; };
		F5ECABB12C65E6D9009BAD9D /* PetStatisticsView.swift */ = {isa = PBXFileReference; lastKnownFileType = sourcecode.swift; path = PetStatisticsView.swift; sourceTree = "<group>"; };
		F5ECABB42C6700E3009BAD9D /* PointChartExampleView.swift */ = {isa = PBXFileReference; lastKnownFileType = sourcecode.swift; path = PointChartExampleView.swift; sourceTree = "<group>"; };
		F5ECABB62C670145009BAD9D /* BarChartExampleView.swift */ = {isa = PBXFileReference; lastKnownFileType = sourcecode.swift; path = BarChartExampleView.swift; sourceTree = "<group>"; };
		F5ECABB82C67017F009BAD9D /* LineChartExampleView.swift */ = {isa = PBXFileReference; lastKnownFileType = sourcecode.swift; path = LineChartExampleView.swift; sourceTree = "<group>"; };
		F5ECABBA2C675B1E009BAD9D /* RectangularChartExample.swift */ = {isa = PBXFileReference; lastKnownFileType = sourcecode.swift; path = RectangularChartExample.swift; sourceTree = "<group>"; };
		F5ECABBC2C676E2A009BAD9D /* PieChartExampleView.swift */ = {isa = PBXFileReference; lastKnownFileType = sourcecode.swift; path = PieChartExampleView.swift; sourceTree = "<group>"; };
		F5ECABC12C694FA2009BAD9D /* BookCategory.swift */ = {isa = PBXFileReference; lastKnownFileType = sourcecode.swift; path = BookCategory.swift; sourceTree = "<group>"; };
		F5ECABC32C695439009BAD9D /* Author.swift */ = {isa = PBXFileReference; lastKnownFileType = sourcecode.swift; path = Author.swift; sourceTree = "<group>"; };
		F5ECABC52C6955BB009BAD9D /* Book.swift */ = {isa = PBXFileReference; lastKnownFileType = sourcecode.swift; path = Book.swift; sourceTree = "<group>"; };
		F5ECABC72C6957EA009BAD9D /* Sale.swift */ = {isa = PBXFileReference; lastKnownFileType = sourcecode.swift; path = Sale.swift; sourceTree = "<group>"; };
		F5ECABC92C69C664009BAD9D /* Expense.swift */ = {isa = PBXFileReference; lastKnownFileType = sourcecode.swift; path = Expense.swift; sourceTree = "<group>"; };
		F5ECABCC2C6C2E69009BAD9D /* SalesViewModel.swift */ = {isa = PBXFileReference; lastKnownFileType = sourcecode.swift; path = SalesViewModel.swift; sourceTree = "<group>"; };
/* End PBXFileReference section */

/* Begin PBXFrameworksBuildPhase section */
		F5D92CB02C64F3F1001F8315 /* Frameworks */ = {
			isa = PBXFrameworksBuildPhase;
			buildActionMask = 2147483647;
			files = (
			);
			runOnlyForDeploymentPostprocessing = 0;
		};
/* End PBXFrameworksBuildPhase section */

/* Begin PBXGroup section */
		F57049612C6DCD310069B1AC /* Views */ = {
			isa = PBXGroup;
			children = (
				F57049652C6DCD980069B1AC /* expenses stats */,
				F57049642C6DCD890069B1AC /* book category stats */,
				F57049632C6DCD790069B1AC /* weekday stats */,
				F57049622C6DCD650069B1AC /* sales stats */,
			);
			path = Views;
			sourceTree = "<group>";
		};
		F57049622C6DCD650069B1AC /* sales stats */ = {
			isa = PBXGroup;
			children = (
				F57049662C6DCE1F0069B1AC /* DailySalesChartView.swift */,
				F57049682C6DCE2D0069B1AC /* WeeklySalesChartView.swift */,
				F570496C2C6DE0FA0069B1AC /* SimpleBookSalesView.swift */,
				F570496A2C6DCE3B0069B1AC /* MonthlySalesChartView.swift */,
				F570496E2C6E006D0069B1AC /* DetailBookSalesView.swift */,
			);
			path = "sales stats";
			sourceTree = "<group>";
		};
		F57049632C6DCD790069B1AC /* weekday stats */ = {
			isa = PBXGroup;
			children = (
			);
			path = "weekday stats";
			sourceTree = "<group>";
		};
		F57049642C6DCD890069B1AC /* book category stats */ = {
			isa = PBXGroup;
			children = (
			);
			path = "book category stats";
			sourceTree = "<group>";
		};
		F57049652C6DCD980069B1AC /* expenses stats */ = {
			isa = PBXGroup;
			children = (
			);
			path = "expenses stats";
			sourceTree = "<group>";
		};
		F5D92CAA2C64F3F1001F8315 = {
			isa = PBXGroup;
			children = (
				F5D92CB52C64F3F1001F8315 /* ChartsPro */,
				F5D92CB42C64F3F1001F8315 /* Products */,
			);
			sourceTree = "<group>";
		};
		F5D92CB42C64F3F1001F8315 /* Products */ = {
			isa = PBXGroup;
			children = (
				F5D92CB32C64F3F1001F8315 /* ChartsPro.app */,
			);
			name = Products;
			sourceTree = "<group>";
		};
		F5D92CB52C64F3F1001F8315 /* ChartsPro */ = {
			isa = PBXGroup;
			children = (
				F5D92CB62C64F3F1001F8315 /* ChartsProApp.swift */,
				F5ECABAF2C65E258009BAD9D /* ContentView.swift */,
				F57049612C6DCD310069B1AC /* Views */,
				F5ECABCB2C6BB82E009BAD9D /* ViewModel */,
				F5ECABC02C694F2E009BAD9D /* Model */,
				F5ECABBF2C694EBC009BAD9D /* Advanced */,
				F5ECABBE2C694E87009BAD9D /* Basics */,
				F5D92CBA2C64F3F3001F8315 /* Assets.xcassets */,
				F5D92CBC2C64F3F3001F8315 /* Preview Content */,
			);
			path = ChartsPro;
			sourceTree = "<group>";
		};
		F5D92CBC2C64F3F3001F8315 /* Preview Content */ = {
			isa = PBXGroup;
			children = (
				F5D92CBD2C64F3F3001F8315 /* Preview Assets.xcassets */,
			);
			path = "Preview Content";
			sourceTree = "<group>";
		};
		F5ECABB32C67006B009BAD9D /* Chart Types */ = {
			isa = PBXGroup;
			children = (
				F5ECABB42C6700E3009BAD9D /* PointChartExampleView.swift */,
				F5ECABB62C670145009BAD9D /* BarChartExampleView.swift */,
				F5ECABBA2C675B1E009BAD9D /* RectangularChartExample.swift */,
				F5ECABBC2C676E2A009BAD9D /* PieChartExampleView.swift */,
				F5ECABB82C67017F009BAD9D /* LineChartExampleView.swift */,
			);
			path = "Chart Types";
			sourceTree = "<group>";
		};
		F5ECABBE2C694E87009BAD9D /* Basics */ = {
			isa = PBXGroup;
			children = (
				F5ECABB32C67006B009BAD9D /* Chart Types */,
				F5D92CB82C64F3F1001F8315 /* StaticChartView.swift */,
				F5ECABAB2C65CDCE009BAD9D /* DynamicChartView.swift */,
				F5ECABAD2C65E18C009BAD9D /* PetData.swift */,
				F5ECABB12C65E6D9009BAD9D /* PetStatisticsView.swift */,
			);
			path = Basics;
			sourceTree = "<group>";
		};
		F5ECABBF2C694EBC009BAD9D /* Advanced */ = {
			isa = PBXGroup;
			children = (
			);
			path = Advanced;
			sourceTree = "<group>";
		};
		F5ECABC02C694F2E009BAD9D /* Model */ = {
			isa = PBXGroup;
			children = (
				F5ECABC12C694FA2009BAD9D /* BookCategory.swift */,
				F5ECABC92C69C664009BAD9D /* Expense.swift */,
				F5ECABC32C695439009BAD9D /* Author.swift */,
				F5ECABC52C6955BB009BAD9D /* Book.swift */,
				F5ECABC72C6957EA009BAD9D /* Sale.swift */,
			);
			path = Model;
			sourceTree = "<group>";
		};
		F5ECABCB2C6BB82E009BAD9D /* ViewModel */ = {
			isa = PBXGroup;
			children = (
				F5ECABCC2C6C2E69009BAD9D /* SalesViewModel.swift */,
			);
			path = ViewModel;
			sourceTree = "<group>";
		};
/* End PBXGroup section */

/* Begin PBXNativeTarget section */
		F5D92CB22C64F3F1001F8315 /* ChartsPro */ = {
			isa = PBXNativeTarget;
			buildConfigurationList = F5D92CC12C64F3F3001F8315 /* Build configuration list for PBXNativeTarget "ChartsPro" */;
			buildPhases = (
				F5D92CAF2C64F3F1001F8315 /* Sources */,
				F5D92CB02C64F3F1001F8315 /* Frameworks */,
				F5D92CB12C64F3F1001F8315 /* Resources */,
			);
			buildRules = (
			);
			dependencies = (
			);
			name = ChartsPro;
			productName = ChartsPro;
			productReference = F5D92CB32C64F3F1001F8315 /* ChartsPro.app */;
			productType = "com.apple.product-type.application";
		};
/* End PBXNativeTarget section */

/* Begin PBXProject section */
		F5D92CAB2C64F3F1001F8315 /* Project object */ = {
			isa = PBXProject;
			attributes = {
				BuildIndependentTargetsInParallel = 1;
				LastSwiftUpdateCheck = 1540;
				LastUpgradeCheck = 1540;
				TargetAttributes = {
					F5D92CB22C64F3F1001F8315 = {
						CreatedOnToolsVersion = 15.4;
					};
				};
			};
			buildConfigurationList = F5D92CAE2C64F3F1001F8315 /* Build configuration list for PBXProject "ChartsPro" */;
			compatibilityVersion = "Xcode 14.0";
			developmentRegion = en;
			hasScannedForEncodings = 0;
			knownRegions = (
				en,
				Base,
			);
			mainGroup = F5D92CAA2C64F3F1001F8315;
			productRefGroup = F5D92CB42C64F3F1001F8315 /* Products */;
			projectDirPath = "";
			projectRoot = "";
			targets = (
				F5D92CB22C64F3F1001F8315 /* ChartsPro */,
			);
		};
/* End PBXProject section */

/* Begin PBXResourcesBuildPhase section */
		F5D92CB12C64F3F1001F8315 /* Resources */ = {
			isa = PBXResourcesBuildPhase;
			buildActionMask = 2147483647;
			files = (
				F5D92CBE2C64F3F3001F8315 /* Preview Assets.xcassets in Resources */,
				F5D92CBB2C64F3F3001F8315 /* Assets.xcassets in Resources */,
			);
			runOnlyForDeploymentPostprocessing = 0;
		};
/* End PBXResourcesBuildPhase section */

/* Begin PBXSourcesBuildPhase section */
		F5D92CAF2C64F3F1001F8315 /* Sources */ = {
			isa = PBXSourcesBuildPhase;
			buildActionMask = 2147483647;
			files = (
				F57049692C6DCE2D0069B1AC /* WeeklySalesChartView.swift in Sources */,
				F570496F2C6E006D0069B1AC /* DetailBookSalesView.swift in Sources */,
				F5ECABCA2C69C664009BAD9D /* Expense.swift in Sources */,
				F5D92CB92C64F3F1001F8315 /* StaticChartView.swift in Sources */,
				F57049672C6DCE1F0069B1AC /* DailySalesChartView.swift in Sources */,
				F5ECABB52C6700E3009BAD9D /* PointChartExampleView.swift in Sources */,
				F5ECABC62C6955BB009BAD9D /* Book.swift in Sources */,
				F5ECABB72C670145009BAD9D /* BarChartExampleView.swift in Sources */,
				F5ECABB92C67017F009BAD9D /* LineChartExampleView.swift in Sources */,
				F5ECABC82C6957EA009BAD9D /* Sale.swift in Sources */,
				F5ECABB02C65E258009BAD9D /* ContentView.swift in Sources */,
				F570496B2C6DCE3B0069B1AC /* MonthlySalesChartView.swift in Sources */,
				F5ECABAC2C65CDCE009BAD9D /* DynamicChartView.swift in Sources */,
				F5ECABC22C694FA2009BAD9D /* BookCategory.swift in Sources */,
				F5ECABBD2C676E2A009BAD9D /* PieChartExampleView.swift in Sources */,
				F5ECABCD2C6C2E69009BAD9D /* SalesViewModel.swift in Sources */,
				F5ECABBB2C675B1E009BAD9D /* RectangularChartExample.swift in Sources */,
				F5ECABC42C695439009BAD9D /* Author.swift in Sources */,
				F5ECABB22C65E6D9009BAD9D /* PetStatisticsView.swift in Sources */,
				F5D92CB72C64F3F1001F8315 /* ChartsProApp.swift in Sources */,
				F570496D2C6DE0FA0069B1AC /* SimpleBookSalesView.swift in Sources */,
				F5ECABAE2C65E18C009BAD9D /* PetData.swift in Sources */,
			);
			runOnlyForDeploymentPostprocessing = 0;
		};
/* End PBXSourcesBuildPhase section */

/* Begin XCBuildConfiguration section */
		F5D92CBF2C64F3F3001F8315 /* Debug */ = {
			isa = XCBuildConfiguration;
			buildSettings = {
				ALWAYS_SEARCH_USER_PATHS = NO;
				ASSETCATALOG_COMPILER_GENERATE_SWIFT_ASSET_SYMBOL_EXTENSIONS = YES;
				CLANG_ANALYZER_NONNULL = YES;
				CLANG_ANALYZER_NUMBER_OBJECT_CONVERSION = YES_AGGRESSIVE;
				CLANG_CXX_LANGUAGE_STANDARD = "gnu++20";
				CLANG_ENABLE_MODULES = YES;
				CLANG_ENABLE_OBJC_ARC = YES;
				CLANG_ENABLE_OBJC_WEAK = YES;
				CLANG_WARN_BLOCK_CAPTURE_AUTORELEASING = YES;
				CLANG_WARN_BOOL_CONVERSION = YES;
				CLANG_WARN_COMMA = YES;
				CLANG_WARN_CONSTANT_CONVERSION = YES;
				CLANG_WARN_DEPRECATED_OBJC_IMPLEMENTATIONS = YES;
				CLANG_WARN_DIRECT_OBJC_ISA_USAGE = YES_ERROR;
				CLANG_WARN_DOCUMENTATION_COMMENTS = YES;
				CLANG_WARN_EMPTY_BODY = YES;
				CLANG_WARN_ENUM_CONVERSION = YES;
				CLANG_WARN_INFINITE_RECURSION = YES;
				CLANG_WARN_INT_CONVERSION = YES;
				CLANG_WARN_NON_LITERAL_NULL_CONVERSION = YES;
				CLANG_WARN_OBJC_IMPLICIT_RETAIN_SELF = YES;
				CLANG_WARN_OBJC_LITERAL_CONVERSION = YES;
				CLANG_WARN_OBJC_ROOT_CLASS = YES_ERROR;
				CLANG_WARN_QUOTED_INCLUDE_IN_FRAMEWORK_HEADER = YES;
				CLANG_WARN_RANGE_LOOP_ANALYSIS = YES;
				CLANG_WARN_STRICT_PROTOTYPES = YES;
				CLANG_WARN_SUSPICIOUS_MOVE = YES;
				CLANG_WARN_UNGUARDED_AVAILABILITY = YES_AGGRESSIVE;
				CLANG_WARN_UNREACHABLE_CODE = YES;
				CLANG_WARN__DUPLICATE_METHOD_MATCH = YES;
				COPY_PHASE_STRIP = NO;
				DEBUG_INFORMATION_FORMAT = dwarf;
				ENABLE_STRICT_OBJC_MSGSEND = YES;
				ENABLE_TESTABILITY = YES;
				ENABLE_USER_SCRIPT_SANDBOXING = YES;
				GCC_C_LANGUAGE_STANDARD = gnu17;
				GCC_DYNAMIC_NO_PIC = NO;
				GCC_NO_COMMON_BLOCKS = YES;
				GCC_OPTIMIZATION_LEVEL = 0;
				GCC_PREPROCESSOR_DEFINITIONS = (
					"DEBUG=1",
					"$(inherited)",
				);
				GCC_WARN_64_TO_32_BIT_CONVERSION = YES;
				GCC_WARN_ABOUT_RETURN_TYPE = YES_ERROR;
				GCC_WARN_UNDECLARED_SELECTOR = YES;
				GCC_WARN_UNINITIALIZED_AUTOS = YES_AGGRESSIVE;
				GCC_WARN_UNUSED_FUNCTION = YES;
				GCC_WARN_UNUSED_VARIABLE = YES;
				IPHONEOS_DEPLOYMENT_TARGET = 17.5;
				LOCALIZATION_PREFERS_STRING_CATALOGS = YES;
				MTL_ENABLE_DEBUG_INFO = INCLUDE_SOURCE;
				MTL_FAST_MATH = YES;
				ONLY_ACTIVE_ARCH = YES;
				SDKROOT = iphoneos;
				SWIFT_ACTIVE_COMPILATION_CONDITIONS = "DEBUG $(inherited)";
				SWIFT_OPTIMIZATION_LEVEL = "-Onone";
			};
			name = Debug;
		};
		F5D92CC02C64F3F3001F8315 /* Release */ = {
			isa = XCBuildConfiguration;
			buildSettings = {
				ALWAYS_SEARCH_USER_PATHS = NO;
				ASSETCATALOG_COMPILER_GENERATE_SWIFT_ASSET_SYMBOL_EXTENSIONS = YES;
				CLANG_ANALYZER_NONNULL = YES;
				CLANG_ANALYZER_NUMBER_OBJECT_CONVERSION = YES_AGGRESSIVE;
				CLANG_CXX_LANGUAGE_STANDARD = "gnu++20";
				CLANG_ENABLE_MODULES = YES;
				CLANG_ENABLE_OBJC_ARC = YES;
				CLANG_ENABLE_OBJC_WEAK = YES;
				CLANG_WARN_BLOCK_CAPTURE_AUTORELEASING = YES;
				CLANG_WARN_BOOL_CONVERSION = YES;
				CLANG_WARN_COMMA = YES;
				CLANG_WARN_CONSTANT_CONVERSION = YES;
				CLANG_WARN_DEPRECATED_OBJC_IMPLEMENTATIONS = YES;
				CLANG_WARN_DIRECT_OBJC_ISA_USAGE = YES_ERROR;
				CLANG_WARN_DOCUMENTATION_COMMENTS = YES;
				CLANG_WARN_EMPTY_BODY = YES;
				CLANG_WARN_ENUM_CONVERSION = YES;
				CLANG_WARN_INFINITE_RECURSION = YES;
				CLANG_WARN_INT_CONVERSION = YES;
				CLANG_WARN_NON_LITERAL_NULL_CONVERSION = YES;
				CLANG_WARN_OBJC_IMPLICIT_RETAIN_SELF = YES;
				CLANG_WARN_OBJC_LITERAL_CONVERSION = YES;
				CLANG_WARN_OBJC_ROOT_CLASS = YES_ERROR;
				CLANG_WARN_QUOTED_INCLUDE_IN_FRAMEWORK_HEADER = YES;
				CLANG_WARN_RANGE_LOOP_ANALYSIS = YES;
				CLANG_WARN_STRICT_PROTOTYPES = YES;
				CLANG_WARN_SUSPICIOUS_MOVE = YES;
				CLANG_WARN_UNGUARDED_AVAILABILITY = YES_AGGRESSIVE;
				CLANG_WARN_UNREACHABLE_CODE = YES;
				CLANG_WARN__DUPLICATE_METHOD_MATCH = YES;
				COPY_PHASE_STRIP = NO;
				DEBUG_INFORMATION_FORMAT = "dwarf-with-dsym";
				ENABLE_NS_ASSERTIONS = NO;
				ENABLE_STRICT_OBJC_MSGSEND = YES;
				ENABLE_USER_SCRIPT_SANDBOXING = YES;
				GCC_C_LANGUAGE_STANDARD = gnu17;
				GCC_NO_COMMON_BLOCKS = YES;
				GCC_WARN_64_TO_32_BIT_CONVERSION = YES;
				GCC_WARN_ABOUT_RETURN_TYPE = YES_ERROR;
				GCC_WARN_UNDECLARED_SELECTOR = YES;
				GCC_WARN_UNINITIALIZED_AUTOS = YES_AGGRESSIVE;
				GCC_WARN_UNUSED_FUNCTION = YES;
				GCC_WARN_UNUSED_VARIABLE = YES;
				IPHONEOS_DEPLOYMENT_TARGET = 17.5;
				LOCALIZATION_PREFERS_STRING_CATALOGS = YES;
				MTL_ENABLE_DEBUG_INFO = NO;
				MTL_FAST_MATH = YES;
				SDKROOT = iphoneos;
				SWIFT_COMPILATION_MODE = wholemodule;
				VALIDATE_PRODUCT = YES;
			};
			name = Release;
		};
		F5D92CC22C64F3F3001F8315 /* Debug */ = {
			isa = XCBuildConfiguration;
			buildSettings = {
				ASSETCATALOG_COMPILER_APPICON_NAME = AppIcon;
				ASSETCATALOG_COMPILER_GLOBAL_ACCENT_COLOR_NAME = AccentColor;
				CODE_SIGN_STYLE = Automatic;
				CURRENT_PROJECT_VERSION = 1;
				DEVELOPMENT_ASSET_PATHS = "\"ChartsPro/Preview Content\"";
				DEVELOPMENT_TEAM = 9B8CU8XHSY;
				ENABLE_PREVIEWS = YES;
				GENERATE_INFOPLIST_FILE = YES;
				INFOPLIST_KEY_UIApplicationSceneManifest_Generation = YES;
				INFOPLIST_KEY_UIApplicationSupportsIndirectInputEvents = YES;
				INFOPLIST_KEY_UILaunchScreen_Generation = YES;
				INFOPLIST_KEY_UISupportedInterfaceOrientations_iPad = "UIInterfaceOrientationPortrait UIInterfaceOrientationPortraitUpsideDown UIInterfaceOrientationLandscapeLeft UIInterfaceOrientationLandscapeRight";
				INFOPLIST_KEY_UISupportedInterfaceOrientations_iPhone = "UIInterfaceOrientationPortrait UIInterfaceOrientationLandscapeLeft UIInterfaceOrientationLandscapeRight";
				LD_RUNPATH_SEARCH_PATHS = (
					"$(inherited)",
					"@executable_path/Frameworks",
				);
				MARKETING_VERSION = 1.0;
				PRODUCT_BUNDLE_IDENTIFIER = com.zeemoni.ChartsPro;
				PRODUCT_NAME = "$(TARGET_NAME)";
				SWIFT_EMIT_LOC_STRINGS = YES;
				SWIFT_VERSION = 5.0;
				TARGETED_DEVICE_FAMILY = "1,2";
			};
			name = Debug;
		};
		F5D92CC32C64F3F3001F8315 /* Release */ = {
			isa = XCBuildConfiguration;
			buildSettings = {
				ASSETCATALOG_COMPILER_APPICON_NAME = AppIcon;
				ASSETCATALOG_COMPILER_GLOBAL_ACCENT_COLOR_NAME = AccentColor;
				CODE_SIGN_STYLE = Automatic;
				CURRENT_PROJECT_VERSION = 1;
				DEVELOPMENT_ASSET_PATHS = "\"ChartsPro/Preview Content\"";
				DEVELOPMENT_TEAM = 9B8CU8XHSY;
				ENABLE_PREVIEWS = YES;
				GENERATE_INFOPLIST_FILE = YES;
				INFOPLIST_KEY_UIApplicationSceneManifest_Generation = YES;
				INFOPLIST_KEY_UIApplicationSupportsIndirectInputEvents = YES;
				INFOPLIST_KEY_UILaunchScreen_Generation = YES;
				INFOPLIST_KEY_UISupportedInterfaceOrientations_iPad = "UIInterfaceOrientationPortrait UIInterfaceOrientationPortraitUpsideDown UIInterfaceOrientationLandscapeLeft UIInterfaceOrientationLandscapeRight";
				INFOPLIST_KEY_UISupportedInterfaceOrientations_iPhone = "UIInterfaceOrientationPortrait UIInterfaceOrientationLandscapeLeft UIInterfaceOrientationLandscapeRight";
				LD_RUNPATH_SEARCH_PATHS = (
					"$(inherited)",
					"@executable_path/Frameworks",
				);
				MARKETING_VERSION = 1.0;
				PRODUCT_BUNDLE_IDENTIFIER = com.zeemoni.ChartsPro;
				PRODUCT_NAME = "$(TARGET_NAME)";
				SWIFT_EMIT_LOC_STRINGS = YES;
				SWIFT_VERSION = 5.0;
				TARGETED_DEVICE_FAMILY = "1,2";
			};
			name = Release;
		};
/* End XCBuildConfiguration section */

/* Begin XCConfigurationList section */
		F5D92CAE2C64F3F1001F8315 /* Build configuration list for PBXProject "ChartsPro" */ = {
			isa = XCConfigurationList;
			buildConfigurations = (
				F5D92CBF2C64F3F3001F8315 /* Debug */,
				F5D92CC02C64F3F3001F8315 /* Release */,
			);
			defaultConfigurationIsVisible = 0;
			defaultConfigurationName = Release;
		};
		F5D92CC12C64F3F3001F8315 /* Build configuration list for PBXNativeTarget "ChartsPro" */ = {
			isa = XCConfigurationList;
			buildConfigurations = (
				F5D92CC22C64F3F3001F8315 /* Debug */,
				F5D92CC32C64F3F3001F8315 /* Release */,
			);
			defaultConfigurationIsVisible = 0;
			defaultConfigurationName = Release;
		};
/* End XCConfigurationList section */
	};
	rootObject = F5D92CAB2C64F3F1001F8315 /* Project object */;
}
